{
  "name": "@astrouxds/tailwind",
  "version": "0.0.6-beta.1",
  "lockfileVersion": 2,
  "requires": true,
  "packages": {
    "": {
      "name": "@astrouxds/tailwind",
      "version": "0.0.6-beta.1",
      "license": "MIT",
      "dependencies": {
        "@astrouxds/tokens": "^2.0.0-beta.1"
      }
    },
    "node_modules/@astrouxds/tokens": {
      "version": "2.0.0-beta.2",
      "resolved": "https://registry.npmjs.org/@astrouxds/tokens/-/tokens-2.0.0-beta.2.tgz",
      "integrity": "sha512-+VSD63HDDvD/DvzOU0Afsx0grT1ViZS/Jl2xWJGz+BHNoWfNtjELjleBOlRIq63jP2u0aPJQ+qhzld8rEODK3Q=="
    }
  },
  "dependencies": {
    "@astrouxds/tokens": {
      "version": "2.0.0-beta.2",
      "resolved": "https://registry.npmjs.org/@astrouxds/tokens/-/tokens-2.0.0-beta.2.tgz",
      "integrity": "sha512-+VSD63HDDvD/DvzOU0Afsx0grT1ViZS/Jl2xWJGz+BHNoWfNtjELjleBOlRIq63jP2u0aPJQ+qhzld8rEODK3Q=="
    }
  }
}
