{
  "name": "@astrouxds/tailwind",
  "version": "0.0.6",
  "lockfileVersion": 2,
  "requires": true,
  "packages": {
    "": {
      "name": "@astrouxds/tailwind",
      "version": "0.0.6",
      "license": "MIT",
      "dependencies": {
        "@astrouxds/tokens": "^2.0.0-beta.1"
      }
    },
    "node_modules/@astrouxds/tokens": {
      "version": "2.0.0-beta.1",
      "resolved": "https://registry.npmjs.org/@astrouxds/tokens/-/tokens-2.0.0-beta.1.tgz",
      "integrity": "sha512-Gz9/ld2ZBIfHQbeLG8QvS2muCKQWm8VseSsFmswe9kJLwMV782ohl5/nQSAP4MsljiUymexrkaUySsD+6csbcQ=="
    }
  },
  "dependencies": {
    "@astrouxds/tokens": {
      "version": "2.0.0-beta.1",
      "resolved": "https://registry.npmjs.org/@astrouxds/tokens/-/tokens-2.0.0-beta.1.tgz",
      "integrity": "sha512-Gz9/ld2ZBIfHQbeLG8QvS2muCKQWm8VseSsFmswe9kJLwMV782ohl5/nQSAP4MsljiUymexrkaUySsD+6csbcQ=="
    }
  }
}
